schema: '2.0'
stages:
  data-ingestion:
    cmd: python .\src\data\data-ingestion.py
    deps:
    - path: .\src\data\data-ingestion.py
      hash: md5
      md5: 58c57b053eafee20c3f40f99cc664f67
      size: 1712
    outs:
    - path: .\data\raw\test.csv
      hash: md5
      md5: 35b06980c6e00772e6bf783ae10ab9b7
      size: 164174
    - path: .\data\raw\train.csv
      hash: md5
      md5: a2aa88dfae8af3dc60e6e24a09304f4e
      size: 663799
  data-preprocessing:
    cmd: python .\src\data\data-processing.py
    deps:
    - path: .\data\raw\test.csv
      hash: md5
      md5: 35b06980c6e00772e6bf783ae10ab9b7
      size: 164174
    - path: .\data\raw\train.csv
      hash: md5
      md5: a2aa88dfae8af3dc60e6e24a09304f4e
      size: 663799
    - path: .\src\data\data-processing.py
      hash: md5
      md5: ab8d5dcf9376a4fcd1ce762a7cc61d5c
      size: 3186
    outs:
    - path: .\data\processed\test.csv
      hash: md5
      md5: 870497ce96052cddf73c1a13036432ef
      size: 112656
    - path: .\data\processed\train.csv
      hash: md5
      md5: 637f3709b44460480d998aff20ae7a5e
      size: 453554
  feature-engg:
    cmd: python .\src\features\features-engg.py
    deps:
    - path: .\data\processed\test.csv
      hash: md5
      md5: 870497ce96052cddf73c1a13036432ef
      size: 112656
    - path: .\data\processed\train.csv
      hash: md5
      md5: 637f3709b44460480d998aff20ae7a5e
      size: 453554
    - path: .\src\features\features-engg.py
      hash: md5
      md5: 295687351202c5cbce1d2c8f8783e36a
      size: 1910
    outs:
    - path: .\data\interim\test_bow.csv
      hash: md5
      md5: d18a617d0e00abd90b7832359b6e782f
      size: 628923
    - path: .\data\interim\train_bow.csv
      hash: md5
      md5: 9af352b410bf57c3160452add1fa1255
      size: 2514795
  modelling:
    cmd: python .\src\models\modelling.py
    deps:
    - path: .\data\interim\train_bow.csv
      hash: md5
      md5: 9af352b410bf57c3160452add1fa1255
      size: 2514795
    - path: .\src\models\modelling.py
      hash: md5
      md5: bdddac26005727bf4d90b25a20280486
      size: 927
    outs:
    - path: models\random_forest_model.pkl
      hash: md5
      md5: 20480c475a524a7966a4c1f7514887c2
      size: 1316784
  model-evaluation:
    cmd: python .\src\models\model-evaluate.py
    deps:
    - path: .\data\interim\test_bow.csv
      hash: md5
      md5: d18a617d0e00abd90b7832359b6e782f
      size: 628923
    - path: .\src\models\model-evaluate.py
      hash: md5
      md5: b6f85104ea88c160514f4a0e28a7334d
      size: 1131
    - path: models\random_forest_model.pkl
      hash: md5
      md5: 20480c475a524a7966a4c1f7514887c2
      size: 1316784
    outs:
    - path: .\reports\eval_metrics.json
      hash: md5
      md5: 7c2c2076432a5cc090319ace4e5a7278
      size: 147
